
Microsoft Visual Studio Solution File, Format Version 12.00
# Visual Studio Version 17
VisualStudioVersion = 17.5.002.0
MinimumVisualStudioVersion = 10.0.40219.1
Project("{9A19103F-16F7-4668-BE54-9A1E7A4F7556}") = "MdrgAiDialog", "MdrgAiDialog.csproj", "{67D5BA69-6469-4D6D-81A6-66AA53F81491}"
EndProject
Global
	GlobalSection(SolutionConfigurationPlatforms) = preSolution
		Debug|Any CPU = Debug|Any CPU
		Release|Any CPU = Release|Any CPU
	EndGlobalSection
	GlobalSection(ProjectConfigurationPlatforms) = postSolution
		{67D5BA69-6469-4D6D-81A6-66AA53F81491}.Debug|Any CPU.ActiveCfg = Debug|Any CPU
		{67D5BA69-6469-4D6D-81A6-66AA53F81491}.Debug|Any CPU.Build.0 = Debug|Any CPU
		{67D5BA69-6469-4D6D-81A6-66AA53F81491}.Release|Any CPU.ActiveCfg = Release|Any CPU
		{67D5BA69-6469-4D6D-81A6-66AA53F81491}.Release|Any CPU.Build.0 = Release|Any CPU
	EndGlobalSection
	GlobalSection(SolutionProperties) = preSolution
		HideSolutionNode = FALSE
	EndGlobalSection
	GlobalSection(ExtensibilityGlobals) = postSolution
		SolutionGuid = {351B0BAF-9344-4FB9-B269-2D523972944D}
	EndGlobalSection
EndGlobal
